
Microsoft Visual Studio Solution File, Format Version 12.00
Project("{FAE04EC0-301F-11D3-BF4B-00C04F79EFBC}") = "HAMQTT.Integration", "HAMQTT.Integration\HAMQTT.Integration.csproj", "{729CBD0E-CCCA-4DC2-8D68-AE97F8C5C2AF}"
EndProject
Project("{2150E333-8FDC-42A3-9474-1A3956D46DE8}") = "Solution Items", "Solution Items", "{F92A52A2-3B1A-49E4-8DD8-979439077108}"
	ProjectSection(SolutionItems) = preProject
		.gitignore = .gitignore
		hamqtt-integration-workflow.yml = ..\.github\workflows\hamqtt-integration-workflow.yml
		hamqtt-nuget.yml = ..\.github\workflows\hamqtt-nuget.yml
		hamqtt-build-pack.yml = ..\.github\workflows\hamqtt-build-pack.yml
	EndProjectSection
EndProject
Project("{2150E333-8FDC-42A3-9474-1A3956D46DE8}") = "Template", "Template", "{605B6A57-5635-4CF4-BC34-B48659F07E23}"
	ProjectSection(SolutionItems) = preProject
		Template\IntegrationName\.template.config\template.json = Template\IntegrationName\.template.config\template.json
	EndProjectSection
EndProject
Project("{FAE04EC0-301F-11D3-BF4B-00C04F79EFBC}") = "IntegrationName", "Template\IntegrationName\IntegrationName\IntegrationName.csproj", "{DB2DCB3C-3FDE-4848-9744-ACAB2F936788}"
EndProject
Project("{FAE04EC0-301F-11D3-BF4B-00C04F79EFBC}") = "HAMQTT.Integration.Template", "HAMQTT.Integration.Template.csproj", "{E693B78E-3758-44CB-A497-320E9C70DC8F}"
EndProject
Project("{FAE04EC0-301F-11D3-BF4B-00C04F79EFBC}") = "HAMQTT.CLI", "HAMQTT.CLI\HAMQTT.CLI.csproj", "{324BCE8F-D725-46E1-BC09-360BDD7F31E5}"
EndProject
Global
	GlobalSection(SolutionConfigurationPlatforms) = preSolution
		Debug|Any CPU = Debug|Any CPU
		Debug|x64 = Debug|x64
		Debug|x86 = Debug|x86
		Release|Any CPU = Release|Any CPU
		Release|x64 = Release|x64
		Release|x86 = Release|x86
	EndGlobalSection
	GlobalSection(ProjectConfigurationPlatforms) = postSolution
		{729CBD0E-CCCA-4DC2-8D68-AE97F8C5C2AF}.Debug|Any CPU.ActiveCfg = Debug|Any CPU
		{729CBD0E-CCCA-4DC2-8D68-AE97F8C5C2AF}.Debug|Any CPU.Build.0 = Debug|Any CPU
		{729CBD0E-CCCA-4DC2-8D68-AE97F8C5C2AF}.Debug|x64.ActiveCfg = Debug|Any CPU
		{729CBD0E-CCCA-4DC2-8D68-AE97F8C5C2AF}.Debug|x64.Build.0 = Debug|Any CPU
		{729CBD0E-CCCA-4DC2-8D68-AE97F8C5C2AF}.Debug|x86.ActiveCfg = Debug|Any CPU
		{729CBD0E-CCCA-4DC2-8D68-AE97F8C5C2AF}.Debug|x86.Build.0 = Debug|Any CPU
		{729CBD0E-CCCA-4DC2-8D68-AE97F8C5C2AF}.Release|Any CPU.ActiveCfg = Release|Any CPU
		{729CBD0E-CCCA-4DC2-8D68-AE97F8C5C2AF}.Release|Any CPU.Build.0 = Release|Any CPU
		{729CBD0E-CCCA-4DC2-8D68-AE97F8C5C2AF}.Release|x64.ActiveCfg = Release|Any CPU
		{729CBD0E-CCCA-4DC2-8D68-AE97F8C5C2AF}.Release|x64.Build.0 = Release|Any CPU
		{729CBD0E-CCCA-4DC2-8D68-AE97F8C5C2AF}.Release|x86.ActiveCfg = Release|Any CPU
		{729CBD0E-CCCA-4DC2-8D68-AE97F8C5C2AF}.Release|x86.Build.0 = Release|Any CPU
		{DB2DCB3C-3FDE-4848-9744-ACAB2F936788}.Debug|Any CPU.ActiveCfg = Debug|Any CPU
		{DB2DCB3C-3FDE-4848-9744-ACAB2F936788}.Debug|Any CPU.Build.0 = Debug|Any CPU
		{DB2DCB3C-3FDE-4848-9744-ACAB2F936788}.Debug|x64.ActiveCfg = Debug|Any CPU
		{DB2DCB3C-3FDE-4848-9744-ACAB2F936788}.Debug|x64.Build.0 = Debug|Any CPU
		{DB2DCB3C-3FDE-4848-9744-ACAB2F936788}.Debug|x86.ActiveCfg = Debug|Any CPU
		{DB2DCB3C-3FDE-4848-9744-ACAB2F936788}.Debug|x86.Build.0 = Debug|Any CPU
		{DB2DCB3C-3FDE-4848-9744-ACAB2F936788}.Release|Any CPU.ActiveCfg = Release|Any CPU
		{DB2DCB3C-3FDE-4848-9744-ACAB2F936788}.Release|Any CPU.Build.0 = Release|Any CPU
		{DB2DCB3C-3FDE-4848-9744-ACAB2F936788}.Release|x64.ActiveCfg = Release|Any CPU
		{DB2DCB3C-3FDE-4848-9744-ACAB2F936788}.Release|x64.Build.0 = Release|Any CPU
		{DB2DCB3C-3FDE-4848-9744-ACAB2F936788}.Release|x86.ActiveCfg = Release|Any CPU
		{DB2DCB3C-3FDE-4848-9744-ACAB2F936788}.Release|x86.Build.0 = Release|Any CPU
		{E693B78E-3758-44CB-A497-320E9C70DC8F}.Debug|Any CPU.ActiveCfg = Debug|Any CPU
		{E693B78E-3758-44CB-A497-320E9C70DC8F}.Debug|Any CPU.Build.0 = Debug|Any CPU
		{E693B78E-3758-44CB-A497-320E9C70DC8F}.Debug|x64.ActiveCfg = Debug|Any CPU
		{E693B78E-3758-44CB-A497-320E9C70DC8F}.Debug|x64.Build.0 = Debug|Any CPU
		{E693B78E-3758-44CB-A497-320E9C70DC8F}.Debug|x86.ActiveCfg = Debug|Any CPU
		{E693B78E-3758-44CB-A497-320E9C70DC8F}.Debug|x86.Build.0 = Debug|Any CPU
		{E693B78E-3758-44CB-A497-320E9C70DC8F}.Release|Any CPU.ActiveCfg = Release|Any CPU
		{E693B78E-3758-44CB-A497-320E9C70DC8F}.Release|Any CPU.Build.0 = Release|Any CPU
		{E693B78E-3758-44CB-A497-320E9C70DC8F}.Release|x64.ActiveCfg = Release|Any CPU
		{E693B78E-3758-44CB-A497-320E9C70DC8F}.Release|x64.Build.0 = Release|Any CPU
		{E693B78E-3758-44CB-A497-320E9C70DC8F}.Release|x86.ActiveCfg = Release|Any CPU
		{E693B78E-3758-44CB-A497-320E9C70DC8F}.Release|x86.Build.0 = Release|Any CPU
		{324BCE8F-D725-46E1-BC09-360BDD7F31E5}.Debug|Any CPU.ActiveCfg = Debug|Any CPU
		{324BCE8F-D725-46E1-BC09-360BDD7F31E5}.Debug|Any CPU.Build.0 = Debug|Any CPU
		{324BCE8F-D725-46E1-BC09-360BDD7F31E5}.Debug|x64.ActiveCfg = Debug|Any CPU
		{324BCE8F-D725-46E1-BC09-360BDD7F31E5}.Debug|x64.Build.0 = Debug|Any CPU
		{324BCE8F-D725-46E1-BC09-360BDD7F31E5}.Debug|x86.ActiveCfg = Debug|Any CPU
		{324BCE8F-D725-46E1-BC09-360BDD7F31E5}.Debug|x86.Build.0 = Debug|Any CPU
		{324BCE8F-D725-46E1-BC09-360BDD7F31E5}.Release|Any CPU.ActiveCfg = Release|Any CPU
		{324BCE8F-D725-46E1-BC09-360BDD7F31E5}.Release|Any CPU.Build.0 = Release|Any CPU
		{324BCE8F-D725-46E1-BC09-360BDD7F31E5}.Release|x64.ActiveCfg = Release|Any CPU
		{324BCE8F-D725-46E1-BC09-360BDD7F31E5}.Release|x64.Build.0 = Release|Any CPU
		{324BCE8F-D725-46E1-BC09-360BDD7F31E5}.Release|x86.ActiveCfg = Release|Any CPU
		{324BCE8F-D725-46E1-BC09-360BDD7F31E5}.Release|x86.Build.0 = Release|Any CPU
	EndGlobalSection
	GlobalSection(SolutionProperties) = preSolution
		HideSolutionNode = FALSE
	EndGlobalSection
	GlobalSection(NestedProjects) = preSolution
		{DB2DCB3C-3FDE-4848-9744-ACAB2F936788} = {605B6A57-5635-4CF4-BC34-B48659F07E23}
	EndGlobalSection
EndGlobal
